
Microsoft Visual Studio Solution File, Format Version 12.00
# Visual Studio Version 17
VisualStudioVersion = 17.4.33110.190
MinimumVisualStudioVersion = 10.0.40219.1
Project("{FAE04EC0-301F-11D3-BF4B-00C04F79EFBC}") = "Mod1", "Mod1.csproj", "{167B6993-EB90-48D9-877E-2852ACEB6708}"
EndProject
Global
	GlobalSection(SolutionConfigurationPlatforms) = preSolution
		Debug|Any CPU = Debug|Any CPU
		Release|Any CPU = Release|Any CPU
	EndGlobalSection
	GlobalSection(ProjectConfigurationPlatforms) = postSolution
		{167B6993-EB90-48D9-877E-2852ACEB6708}.Debug|Any CPU.ActiveCfg = Debug|Any CPU
		{167B6993-EB90-48D9-877E-2852ACEB6708}.Debug|Any CPU.Build.0 = Debug|Any CPU
		{167B6993-EB90-48D9-877E-2852ACEB6708}.Release|Any CPU.ActiveCfg = Release|Any CPU
		{167B6993-EB90-48D9-877E-2852ACEB6708}.Release|Any CPU.Build.0 = Release|Any CPU
	EndGlobalSection
	GlobalSection(SolutionProperties) = preSolution
		HideSolutionNode = FALSE
	EndGlobalSection
	GlobalSection(ExtensibilityGlobals) = postSolution
		SolutionGuid = {D35CCAFC-0070-429E-ABC3-1E0844F145C6}
	EndGlobalSection
EndGlobal
